
Microsoft Visual Studio Solution File, Format Version 12.00
# Visual Studio Version 16
VisualStudioVersion = 16.0.31129.286
MinimumVisualStudioVersion = 10.0.40219.1
Project("{FAE04EC0-301F-11D3-BF4B-00C04F79EFBC}") = "HW_9", "HW_9\HW_9.csproj", "{2009C9C1-ACDF-465F-A989-5A4D6A135F38}"
EndProject
Global
	GlobalSection(SolutionConfigurationPlatforms) = preSolution
		Debug|Any CPU = Debug|Any CPU
		Release|Any CPU = Release|Any CPU
	EndGlobalSection
	GlobalSection(ProjectConfigurationPlatforms) = postSolution
		{2009C9C1-ACDF-465F-A989-5A4D6A135F38}.Debug|Any CPU.ActiveCfg = Debug|Any CPU
		{2009C9C1-ACDF-465F-A989-5A4D6A135F38}.Debug|Any CPU.Build.0 = Debug|Any CPU
		{2009C9C1-ACDF-465F-A989-5A4D6A135F38}.Release|Any CPU.ActiveCfg = Release|Any CPU
		{2009C9C1-ACDF-465F-A989-5A4D6A135F38}.Release|Any CPU.Build.0 = Release|Any CPU
	EndGlobalSection
	GlobalSection(SolutionProperties) = preSolution
		HideSolutionNode = FALSE
	EndGlobalSection
	GlobalSection(ExtensibilityGlobals) = postSolution
		SolutionGuid = {7E27DB9F-0418-4DE5-BF29-FC29DFF82160}
	EndGlobalSection
EndGlobal
