
Microsoft Visual Studio Solution File, Format Version 12.00
# Visual Studio Version 16
VisualStudioVersion = 16.0.31911.196
MinimumVisualStudioVersion = 10.0.40219.1
Project("{FAE04EC0-301F-11D3-BF4B-00C04F79EFBC}") = "MineSweeper", "MineSweeper\MineSweeper.csproj", "{284610F5-0D88-4535-9E42-4AF3A77F0180}"
EndProject
Global
	GlobalSection(SolutionConfigurationPlatforms) = preSolution
		Debug|Any CPU = Debug|Any CPU
		Release|Any CPU = Release|Any CPU
	EndGlobalSection
	GlobalSection(ProjectConfigurationPlatforms) = postSolution
		{284610F5-0D88-4535-9E42-4AF3A77F0180}.Debug|Any CPU.ActiveCfg = Debug|Any CPU
		{284610F5-0D88-4535-9E42-4AF3A77F0180}.Debug|Any CPU.Build.0 = Debug|Any CPU
		{284610F5-0D88-4535-9E42-4AF3A77F0180}.Release|Any CPU.ActiveCfg = Release|Any CPU
		{284610F5-0D88-4535-9E42-4AF3A77F0180}.Release|Any CPU.Build.0 = Release|Any CPU
	EndGlobalSection
	GlobalSection(SolutionProperties) = preSolution
		HideSolutionNode = FALSE
	EndGlobalSection
	GlobalSection(ExtensibilityGlobals) = postSolution
		SolutionGuid = {C89EFA19-2CDE-42EC-8A26-F41C85050EF2}
	EndGlobalSection
EndGlobal
